// !$*UTF8*$!
{
	archiveVersion = 1;
	classes = {
	};
	objectVersion = 46;
	objects = {

/* Begin PBXBuildFile section */
		102967FC1DA242F900224783 /* main.m in Sources */ = {isa = PBXBuildFile; fileRef = 102967FB1DA242F900224783 /* main.m */; };
		102967FF1DA242F900224783 /* AppDelegate.m in Sources */ = {isa = PBXBuildFile; fileRef = 102967FE1DA242F900224783 /* AppDelegate.m */; };
		102968021DA242F900224783 /* ViewController.m in Sources */ = {isa = PBXBuildFile; fileRef = 102968011DA242F900224783 /* ViewController.m */; };
		102968051DA242F900224783 /* Main.storyboard in Resources */ = {isa = PBXBuildFile; fileRef = 102968031DA242F900224783 /* Main.storyboard */; };
		102968071DA242F900224783 /* Assets.xcassets in Resources */ = {isa = PBXBuildFile; fileRef = 102968061DA242F900224783 /* Assets.xcassets */; };
		1029680A1DA242F900224783 /* LaunchScreen.storyboard in Resources */ = {isa = PBXBuildFile; fileRef = 102968081DA242F900224783 /* LaunchScreen.storyboard */; };
/* End PBXBuildFile section */

/* Begin PBXFileReference section */
		102967F71DA242F900224783 /* changeColor.app */ = {isa = PBXFileReference; explicitFileType = wrapper.application; includeInIndex = 0; path = changeColor.app; sourceTree = BUILT_PRODUCTS_DIR; };
		102967FB1DA242F900224783 /* main.m */ = {isa = PBXFileReference; lastKnownFileType = sourcecode.c.objc; path = main.m; sourceTree = "<group>"; };
		102967FD1DA242F900224783 /* AppDelegate.h */ = {isa = PBXFileReference; lastKnownFileType = sourcecode.c.h; path = AppDelegate.h; sourceTree = "<group>"; };
		102967FE1DA242F900224783 /* AppDelegate.m */ = {isa = PBXFileReference; lastKnownFileType = sourcecode.c.objc; path = AppDelegate.m; sourceTree = "<group>"; };
		102968001DA242F900224783 /* ViewController.h */ = {isa = PBXFileReference; lastKnownFileType = sourcecode.c.h; path = ViewController.h; sourceTree = "<group>"; };
		102968011DA242F900224783 /* ViewController.m */ = {isa = PBXFileReference; lastKnownFileType = sourcecode.c.objc; path = ViewController.m; sourceTree = "<group>"; };
		102968041DA242F900224783 /* Base */ = {isa = PBXFileReference; lastKnownFileType = file.storyboard; name = Base; path = Base.lproj/Main.storyboard; sourceTree = "<group>"; };
		102968061DA242F900224783 /* Assets.xcassets */ = {isa = PBXFileReference; lastKnownFileType = folder.assetcatalog; path = Assets.xcassets; sourceTree = "<group>"; };
		102968091DA242F900224783 /* Base */ = {isa = PBXFileReference; lastKnownFileType = file.storyboard; name = Base; path = Base.lproj/LaunchScreen.storyboard; sourceTree = "<group>"; };
		1029680B1DA242F900224783 /* Info.plist */ = {isa = PBXFileReference; lastKnownFileType = text.plist.xml; path = Info.plist; sourceTree = "<group>"; };
/* End PBXFileReference section */

/* Begin PBXFrameworksBuildPhase section */
		102967F41DA242F900224783 /* Frameworks */ = {
			isa = PBXFrameworksBuildPhase;
			buildActionMask = 2147483647;
			files = (
			);
			runOnlyForDeploymentPostprocessing = 0;
		};
/* End PBXFrameworksBuildPhase section */

/* Begin PBXGroup section */
		102967EE1DA242F900224783 = {
			isa = PBXGroup;
			children = (
				102967F91DA242F900224783 /* test */,
				102967F81DA242F900224783 /* Products */,
			);
			sourceTree = "<group>";
		};
		102967F81DA242F900224783 /* Products */ = {
			isa = PBXGroup;
			children = (
				102967F71DA242F900224783 /* changeColor.app */,
			);
			name = Products;
			sourceTree = "<group>";
		};
		102967F91DA242F900224783 /* test */ = {
			isa = PBXGroup;
			children = (
				102967FD1DA242F900224783 /* AppDelegate.h */,
				102967FE1DA242F900224783 /* AppDelegate.m */,
				102968001DA242F900224783 /* ViewController.h */,
				102968011DA242F900224783 /* ViewController.m */,
				102968031DA242F900224783 /* Main.storyboard */,
				102968061DA242F900224783 /* Assets.xcassets */,
				102968081DA242F900224783 /* LaunchScreen.storyboard */,
				1029680B1DA242F900224783 /* Info.plist */,
				102967FA1DA242F900224783 /* Supporting Files */,
			);
			path = test;
			sourceTree = "<group>";
		};
		102967FA1DA242F900224783 /* Supporting Files */ = {
			isa = PBXGroup;
			children = (
				102967FB1DA242F900224783 /* main.m */,
			);
			name = "Supporting Files";
			sourceTree = "<group>";
		};
/* End PBXGroup section */

/* Begin PBXNativeTarget section */
		102967F61DA242F900224783 /* changeColor */ = {
			isa = PBXNativeTarget;
			buildConfigurationList = 1029680E1DA242F900224783 /* Build configuration list for PBXNativeTarget "changeColor" */;
			buildPhases = (
				102967F31DA242F900224783 /* Sources */,
				102967F41DA242F900224783 /* Frameworks */,
				102967F51DA242F900224783 /* Resources */,
			);
			buildRules = (
			);
			dependencies = (
			);
			name = changeColor;
			productName = test;
			productReference = 102967F71DA242F900224783 /* changeColor.app */;
			productType = "com.apple.product-type.application";
		};
/* End PBXNativeTarget section */

/* Begin PBXProject section */
		102967EF1DA242F900224783 /* Project object */ = {
			isa = PBXProject;
			attributes = {
				LastUpgradeCheck = 0800;
				ORGANIZATIONNAME = CHENZEQIANG;
				TargetAttributes = {
					102967F61DA242F900224783 = {
						CreatedOnToolsVersion = 8.0;
						DevelopmentTeam = EXCJDT5P6H;
						ProvisioningStyle = Automatic;
					};
				};
			};
			buildConfigurationList = 102967F21DA242F900224783 /* Build configuration list for PBXProject "changeColor" */;
			compatibilityVersion = "Xcode 3.2";
			developmentRegion = English;
			hasScannedForEncodings = 0;
			knownRegions = (
				en,
				Base,
			);
			mainGroup = 102967EE1DA242F900224783;
			productRefGroup = 102967F81DA242F900224783 /* Products */;
			projectDirPath = "";
			projectRoot = "";
			targets = (
				102967F61DA242F900224783 /* changeColor */,
			);
		};
/* End PBXProject section */

/* Begin PBXResourcesBuildPhase section */
		102967F51DA242F900224783 /* Resources */ = {
			isa = PBXResourcesBuildPhase;
			buildActionMask = 2147483647;
			files = (
				1029680A1DA242F900224783 /* LaunchScreen.storyboard in Resources */,
				102968071DA242F900224783 /* Assets.xcassets in Resources */,
				102968051DA242F900224783 /* Main.storyboard in Resources */,
			);
			runOnlyForDeploymentPostprocessing = 0;
		};
/* End PBXResourcesBuildPhase section */

/* Begin PBXSourcesBuildPhase section */
		102967F31DA242F900224783 /* Sources */ = {
			isa = PBXSourcesBuildPhase;
			buildActionMask = 2147483647;
			files = (
				102968021DA242F900224783 /* ViewController.m in Sources */,
				102967FF1DA242F900224783 /* AppDelegate.m in Sources */,
				102967FC1DA242F900224783 /* main.m in Sources */,
			);
			runOnlyForDeploymentPostprocessing = 0;
		};
/* End PBXSourcesBuildPhase section */

/* Begin PBXVariantGroup section */
		102968031DA242F900224783 /* Main.storyboard */ = {
			isa = PBXVariantGroup;
			children = (
				102968041DA242F900224783 /* Base */,
			);
			name = Main.storyboard;
			sourceTree = "<group>";
		};
		102968081DA242F900224783 /* LaunchScreen.storyboard */ = {
			isa = PBXVariantGroup;
			children = (
				102968091DA242F900224783 /* Base */,
			);
			name = LaunchScreen.storyboard;
			sourceTree = "<group>";
		};
/* End PBXVariantGroup section */

/* Begin XCBuildConfiguration section */
		1029680C1DA242F900224783 /* Debug */ = {
			isa = XCBuildConfiguration;
			buildSettings = {
				ALWAYS_SEARCH_USER_PATHS = NO;
				CLANG_ANALYZER_NONNULL = YES;
				CLANG_CXX_LANGUAGE_STANDARD = "gnu++0x";
				CLANG_CXX_LIBRARY = "libc++";
				CLANG_ENABLE_MODULES = YES;
				CLANG_ENABLE_OBJC_ARC = YES;
				CLANG_WARN_BOOL_CONVERSION = YES;
				CLANG_WARN_CONSTANT_CONVERSION = YES;
				CLANG_WARN_DIRECT_OBJC_ISA_USAGE = YES_ERROR;
				CLANG_WARN_DOCUMENTATION_COMMENTS = YES;
				CLANG_WARN_EMPTY_BODY = YES;
				CLANG_WARN_ENUM_CONVERSION = YES;
				CLANG_WARN_INFINITE_RECURSION = YES;
				CLANG_WARN_INT_CONVERSION = YES;
				CLANG_WARN_OBJC_ROOT_CLASS = YES_ERROR;
				CLANG_WARN_SUSPICIOUS_MOVES = YES;
				CLANG_WARN_UNREACHABLE_CODE = YES;
				CLANG_WARN__DUPLICATE_METHOD_MATCH = YES;
				"CODE_SIGN_IDENTITY[sdk=iphoneos*]" = "iPhone Developer";
				COPY_PHASE_STRIP = NO;
				DEBUG_INFORMATION_FORMAT = dwarf;
				ENABLE_STRICT_OBJC_MSGSEND = YES;
				ENABLE_TESTABILITY = YES;
				GCC_C_LANGUAGE_STANDARD = gnu99;
				GCC_DYNAMIC_NO_PIC = NO;
				GCC_NO_COMMON_BLOCKS = YES;
				GCC_OPTIMIZATION_LEVEL = 0;
				GCC_PREPROCESSOR_DEFINITIONS = (
					"DEBUG=1",
					"$(inherited)",
				);
				GCC_WARN_64_TO_32_BIT_CONVERSION = YES;
				GCC_WARN_ABOUT_RETURN_TYPE = YES_ERROR;
				GCC_WARN_UNDECLARED_SELECTOR = YES;
				GCC_WARN_UNINITIALIZED_AUTOS = YES_AGGRESSIVE;
				GCC_WARN_UNUSED_FUNCTION = YES;
				GCC_WARN_UNUSED_VARIABLE = YES;
				IPHONEOS_DEPLOYMENT_TARGET = 10.0;
				MTL_ENABLE_DEBUG_INFO = YES;
				ONLY_ACTIVE_ARCH = YES;
				SDKROOT = iphoneos;
				TARGETED_DEVICE_FAMILY = "1,2";
			};
			name = Debug;
		};
		1029680D1DA242F900224783 /* Release */ = {
			isa = XCBuildConfiguration;
			buildSettings = {
				ALWAYS_SEARCH_USER_PATHS = NO;
				CLANG_ANALYZER_NONNULL = YES;
				CLANG_CXX_LANGUAGE_STANDARD = "gnu++0x";
				CLANG_CXX_LIBRARY = "libc++";
				CLANG_ENABLE_MODULES = YES;
				CLANG_ENABLE_OBJC_ARC = YES;
				CLANG_WARN_BOOL_CONVERSION = YES;
				CLANG_WARN_CONSTANT_CONVERSION = YES;
				CLANG_WARN_DIRECT_OBJC_ISA_USAGE = YES_ERROR;
				CLANG_WARN_DOCUMENTATION_COMMENTS = YES;
				CLANG_WARN_EMPTY_BODY = YES;
				CLANG_WARN_ENUM_CONVERSION = YES;
				CLANG_WARN_INFINITE_RECURSION = YES;
				CLANG_WARN_INT_CONVERSION = YES;
				CLANG_WARN_OBJC_ROOT_CLASS = YES_ERROR;
				CLANG_WARN_SUSPICIOUS_MOVES = YES;
				CLANG_WARN_UNREACHABLE_CODE = YES;
				CLANG_WARN__DUPLICATE_METHOD_MATCH = YES;
				"CODE_SIGN_IDENTITY[sdk=iphoneos*]" = "iPhone Developer";
				COPY_PHASE_STRIP = NO;
				DEBUG_INFORMATION_FORMAT = "dwarf-with-dsym";
				ENABLE_NS_ASSERTIONS = NO;
				ENABLE_STRICT_OBJC_MSGSEND = YES;
				GCC_C_LANGUAGE_STANDARD = gnu99;
				GCC_NO_COMMON_BLOCKS = YES;
				GCC_WARN_64_TO_32_BIT_CONVERSION = YES;
				GCC_WARN_ABOUT_RETURN_TYPE = YES_ERROR;
				GCC_WARN_UNDECLARED_SELECTOR = YES;
				GCC_WARN_UNINITIALIZED_AUTOS = YES_AGGRESSIVE;
				GCC_WARN_UNUSED_FUNCTION = YES;
				GCC_WARN_UNUSED_VARIABLE = YES;
				IPHONEOS_DEPLOYMENT_TARGET = 10.0;
				MTL_ENABLE_DEBUG_INFO = NO;
				SDKROOT = iphoneos;
				TARGETED_DEVICE_FAMILY = "1,2";
				VALIDATE_PRODUCT = YES;
			};
			name = Release;
		};
		1029680F1DA242F900224783 /* Debug */ = {
			isa = XCBuildConfiguration;
			buildSettings = {
				ASSETCATALOG_COMPILER_APPICON_NAME = AppIcon;
				DEVELOPMENT_TEAM = EXCJDT5P6H;
				INFOPLIST_FILE = test/Info.plist;
				LD_RUNPATH_SEARCH_PATHS = "$(inherited) @executable_path/Frameworks";
				PRODUCT_BUNDLE_IDENTIFIER = com.chenzeqiang.changeColor;
				PRODUCT_NAME = "$(TARGET_NAME)";
				TARGETED_DEVICE_FAMILY = 1;
			};
			name = Debug;
		};
		102968101DA242F900224783 /* Release */ = {
			isa = XCBuildConfiguration;
			buildSettings = {
				ASSETCATALOG_COMPILER_APPICON_NAME = AppIcon;
				DEVELOPMENT_TEAM = EXCJDT5P6H;
				INFOPLIST_FILE = test/Info.plist;
				LD_RUNPATH_SEARCH_PATHS = "$(inherited) @executable_path/Frameworks";
				PRODUCT_BUNDLE_IDENTIFIER = com.chenzeqiang.changeColor;
				PRODUCT_NAME = "$(TARGET_NAME)";
				TARGETED_DEVICE_FAMILY = 1;
			};
			name = Release;
		};
/* End XCBuildConfiguration section */

/* Begin XCConfigurationList section */
		102967F21DA242F900224783 /* Build configuration list for PBXProject "changeColor" */ = {
			isa = XCConfigurationList;
			buildConfigurations = (
				1029680C1DA242F900224783 /* Debug */,
				1029680D1DA242F900224783 /* Release */,
			);
			defaultConfigurationIsVisible = 0;
			defaultConfigurationName = Release;
		};
		1029680E1DA242F900224783 /* Build configuration list for PBXNativeTarget "changeColor" */ = {
			isa = XCConfigurationList;
			buildConfigurations = (
				1029680F1DA242F900224783 /* Debug */,
				102968101DA242F900224783 /* Release */,
			);
			defaultConfigurationIsVisible = 0;
			defaultConfigurationName = Release;
		};
/* End XCConfigurationList section */
	};
	rootObject = 102967EF1DA242F900224783 /* Project object */;
}
